
Microsoft Visual Studio Solution File, Format Version 12.00
# Visual Studio Version 16
VisualStudioVersion = 16.0.31229.75
MinimumVisualStudioVersion = 10.0.40219.1
Project("{D954291E-2A0B-460D-934E-DC6B0785DB48}") = "POSUNO.Shared", "POSUNO\POSUNO.Shared\POSUNO.Shared.shproj", "{6279C845-92F8-4333-AB99-3D213163593C}"
EndProject
Project("{2150E333-8FDC-42A3-9474-1A3956D46DE8}") = "Platforms", "Platforms", "{99B1A0D8-6C3F-41A8-99D8-455667F7CB5F}"
EndProject
Project("{FAE04EC0-301F-11D3-BF4B-00C04F79EFBC}") = "POSUNO.Droid", "POSUNO\POSUNO.Droid\POSUNO.Droid.csproj", "{6086854A-9054-4DCF-A620-3D4FF33308A0}"
EndProject
Project("{FAE04EC0-301F-11D3-BF4B-00C04F79EFBC}") = "POSUNO.iOS", "POSUNO\POSUNO.iOS\POSUNO.iOS.csproj", "{A60E67CE-B536-4D08-811C-E35BD090C08C}"
EndProject
Project("{FAE04EC0-301F-11D3-BF4B-00C04F79EFBC}") = "POSUNO.UWP", "POSUNO\POSUNO.UWP\POSUNO.UWP.csproj", "{EE8C9787-E8F3-4073-9F41-D3EEEAF13349}"
EndProject
Project("{9A19103F-16F7-4668-BE54-9A1E7A4F7556}") = "POSUNO.Wasm", "POSUNO\POSUNO.Wasm\POSUNO.Wasm.csproj", "{6EE3B00D-DBCA-430B-9F0D-1A9641903FF5}"
EndProject
Project("{FAE04EC0-301F-11D3-BF4B-00C04F79EFBC}") = "POSUNO.macOS", "POSUNO\POSUNO.macOS\POSUNO.macOS.csproj", "{0FC7585F-4023-47C2-9886-3BD2CEBADC3B}"
EndProject
Project("{9A19103F-16F7-4668-BE54-9A1E7A4F7556}") = "POSUNO.Skia.Wpf.Host", "POSUNO\POSUNO.Skia.Wpf.Host\POSUNO.Skia.Wpf.Host.csproj", "{D17681F0-FC21-4C05-904E-CF6706C4A6B5}"
EndProject
Project("{9A19103F-16F7-4668-BE54-9A1E7A4F7556}") = "POSUNO.Skia.Wpf", "POSUNO\POSUNO.Skia.Wpf\POSUNO.Skia.Wpf.csproj", "{5B134286-C64F-4208-8AD9-38106850315A}"
EndProject
Project("{9A19103F-16F7-4668-BE54-9A1E7A4F7556}") = "POSUNO.Skia.Gtk", "POSUNO\POSUNO.Skia.Gtk\POSUNO.Skia.Gtk.csproj", "{C435348B-80BA-4DBC-A2AE-A5640B6EA49D}"
EndProject
Project("{9A19103F-16F7-4668-BE54-9A1E7A4F7556}") = "POSUNO.Skia.Tizen", "POSUNO\POSUNO.Skia.Tizen\POSUNO.Skia.Tizen.csproj", "{4DE8F94B-684B-48C3-B5BB-6584675EA3DF}"
EndProject
Project("{FAE04EC0-301F-11D3-BF4B-00C04F79EFBC}") = "POSUNO.API", "POSUNO.API\POSUNO.API.csproj", "{F10C65D1-A5C8-42E3-BE95-17C8FEA06719}"
EndProject
Global
	GlobalSection(SharedMSBuildProjectFiles) = preSolution
		POSUNO\POSUNO.Shared\POSUNO.Shared.projitems*{0fc7585f-4023-47c2-9886-3bd2cebadc3b}*SharedItemsImports = 4
		POSUNO\POSUNO.Shared\POSUNO.Shared.projitems*{4de8f94b-684b-48c3-b5bb-6584675ea3df}*SharedItemsImports = 5
		POSUNO\POSUNO.Shared\POSUNO.Shared.projitems*{5b134286-c64f-4208-8ad9-38106850315a}*SharedItemsImports = 5
		POSUNO\POSUNO.Shared\POSUNO.Shared.projitems*{6086854a-9054-4dcf-a620-3d4ff33308a0}*SharedItemsImports = 4
		POSUNO\POSUNO.Shared\POSUNO.Shared.projitems*{6279c845-92f8-4333-ab99-3d213163593c}*SharedItemsImports = 13
		POSUNO\POSUNO.Shared\POSUNO.Shared.projitems*{6ee3b00d-dbca-430b-9f0d-1a9641903ff5}*SharedItemsImports = 5
		POSUNO\POSUNO.Shared\POSUNO.Shared.projitems*{a60e67ce-b536-4d08-811c-e35bd090c08c}*SharedItemsImports = 4
		POSUNO\POSUNO.Shared\POSUNO.Shared.projitems*{c435348b-80ba-4dbc-a2ae-a5640b6ea49d}*SharedItemsImports = 5
		POSUNO\POSUNO.Shared\POSUNO.Shared.projitems*{ee8c9787-e8f3-4073-9f41-d3eeeaf13349}*SharedItemsImports = 4
	EndGlobalSection
	GlobalSection(SolutionConfigurationPlatforms) = preSolution
		Ad-Hoc|Any CPU = Ad-Hoc|Any CPU
		Ad-Hoc|ARM = Ad-Hoc|ARM
		Ad-Hoc|ARM64 = Ad-Hoc|ARM64
		Ad-Hoc|iPhone = Ad-Hoc|iPhone
		Ad-Hoc|iPhoneSimulator = Ad-Hoc|iPhoneSimulator
		Ad-Hoc|x64 = Ad-Hoc|x64
		Ad-Hoc|x86 = Ad-Hoc|x86
		AppStore|Any CPU = AppStore|Any CPU
		AppStore|ARM = AppStore|ARM
		AppStore|ARM64 = AppStore|ARM64
		AppStore|iPhone = AppStore|iPhone
		AppStore|iPhoneSimulator = AppStore|iPhoneSimulator
		AppStore|x64 = AppStore|x64
		AppStore|x86 = AppStore|x86
		Debug|Any CPU = Debug|Any CPU
		Debug|ARM = Debug|ARM
		Debug|ARM64 = Debug|ARM64
		Debug|iPhone = Debug|iPhone
		Debug|iPhoneSimulator = Debug|iPhoneSimulator
		Debug|x64 = Debug|x64
		Debug|x86 = Debug|x86
		Release|Any CPU = Release|Any CPU
		Release|ARM = Release|ARM
		Release|ARM64 = Release|ARM64
		Release|iPhone = Release|iPhone
		Release|iPhoneSimulator = Release|iPhoneSimulator
		Release|x64 = Release|x64
		Release|x86 = Release|x86
	EndGlobalSection
	GlobalSection(ProjectConfigurationPlatforms) = postSolution
		{6086854A-9054-4DCF-A620-3D4FF33308A0}.Ad-Hoc|Any CPU.ActiveCfg = Debug|Any CPU
		{6086854A-9054-4DCF-A620-3D4FF33308A0}.Ad-Hoc|Any CPU.Build.0 = Debug|Any CPU
		{6086854A-9054-4DCF-A620-3D4FF33308A0}.Ad-Hoc|Any CPU.Deploy.0 = Debug|Any CPU
		{6086854A-9054-4DCF-A620-3D4FF33308A0}.Ad-Hoc|ARM.ActiveCfg = Debug|Any CPU
		{6086854A-9054-4DCF-A620-3D4FF33308A0}.Ad-Hoc|ARM.Build.0 = Debug|Any CPU
		{6086854A-9054-4DCF-A620-3D4FF33308A0}.Ad-Hoc|ARM.Deploy.0 = Debug|Any CPU
		{6086854A-9054-4DCF-A620-3D4FF33308A0}.Ad-Hoc|ARM64.ActiveCfg = Debug|Any CPU
		{6086854A-9054-4DCF-A620-3D4FF33308A0}.Ad-Hoc|ARM64.Build.0 = Debug|Any CPU
		{6086854A-9054-4DCF-A620-3D4FF33308A0}.Ad-Hoc|ARM64.Deploy.0 = Debug|Any CPU
		{6086854A-9054-4DCF-A620-3D4FF33308A0}.Ad-Hoc|iPhone.ActiveCfg = Debug|Any CPU
		{6086854A-9054-4DCF-A620-3D4FF33308A0}.Ad-Hoc|iPhone.Build.0 = Debug|Any CPU
		{6086854A-9054-4DCF-A620-3D4FF33308A0}.Ad-Hoc|iPhone.Deploy.0 = Debug|Any CPU
		{6086854A-9054-4DCF-A620-3D4FF33308A0}.Ad-Hoc|iPhoneSimulator.ActiveCfg = Debug|Any CPU
		{6086854A-9054-4DCF-A620-3D4FF33308A0}.Ad-Hoc|iPhoneSimulator.Build.0 = Debug|Any CPU
		{6086854A-9054-4DCF-A620-3D4FF33308A0}.Ad-Hoc|iPhoneSimulator.Deploy.0 = Debug|Any CPU
		{6086854A-9054-4DCF-A620-3D4FF33308A0}.Ad-Hoc|x64.ActiveCfg = Debug|Any CPU
		{6086854A-9054-4DCF-A620-3D4FF33308A0}.Ad-Hoc|x64.Build.0 = Debug|Any CPU
		{6086854A-9054-4DCF-A620-3D4FF33308A0}.Ad-Hoc|x64.Deploy.0 = Debug|Any CPU
		{6086854A-9054-4DCF-A620-3D4FF33308A0}.Ad-Hoc|x86.ActiveCfg = Debug|Any CPU
		{6086854A-9054-4DCF-A620-3D4FF33308A0}.Ad-Hoc|x86.Build.0 = Debug|Any CPU
		{6086854A-9054-4DCF-A620-3D4FF33308A0}.Ad-Hoc|x86.Deploy.0 = Debug|Any CPU
		{6086854A-9054-4DCF-A620-3D4FF33308A0}.AppStore|Any CPU.ActiveCfg = Debug|Any CPU
		{6086854A-9054-4DCF-A620-3D4FF33308A0}.AppStore|Any CPU.Build.0 = Debug|Any CPU
		{6086854A-9054-4DCF-A620-3D4FF33308A0}.AppStore|Any CPU.Deploy.0 = Debug|Any CPU
		{6086854A-9054-4DCF-A620-3D4FF33308A0}.AppStore|ARM.ActiveCfg = Debug|Any CPU
		{6086854A-9054-4DCF-A620-3D4FF33308A0}.AppStore|ARM.Build.0 = Debug|Any CPU
		{6086854A-9054-4DCF-A620-3D4FF33308A0}.AppStore|ARM.Deploy.0 = Debug|Any CPU
		{6086854A-9054-4DCF-A620-3D4FF33308A0}.AppStore|ARM64.ActiveCfg = Debug|Any CPU
		{6086854A-9054-4DCF-A620-3D4FF33308A0}.AppStore|ARM64.Build.0 = Debug|Any CPU
		{6086854A-9054-4DCF-A620-3D4FF33308A0}.AppStore|ARM64.Deploy.0 = Debug|Any CPU
		{6086854A-9054-4DCF-A620-3D4FF33308A0}.AppStore|iPhone.ActiveCfg = Debug|Any CPU
		{6086854A-9054-4DCF-A620-3D4FF33308A0}.AppStore|iPhone.Build.0 = Debug|Any CPU
		{6086854A-9054-4DCF-A620-3D4FF33308A0}.AppStore|iPhone.Deploy.0 = Debug|Any CPU
		{6086854A-9054-4DCF-A620-3D4FF33308A0}.AppStore|iPhoneSimulator.ActiveCfg = Debug|Any CPU
		{6086854A-9054-4DCF-A620-3D4FF33308A0}.AppStore|iPhoneSimulator.Build.0 = Debug|Any CPU
		{6086854A-9054-4DCF-A620-3D4FF33308A0}.AppStore|iPhoneSimulator.Deploy.0 = Debug|Any CPU
		{6086854A-9054-4DCF-A620-3D4FF33308A0}.AppStore|x64.ActiveCfg = Debug|Any CPU
		{6086854A-9054-4DCF-A620-3D4FF33308A0}.AppStore|x64.Build.0 = Debug|Any CPU
		{6086854A-9054-4DCF-A620-3D4FF33308A0}.AppStore|x64.Deploy.0 = Debug|Any CPU
		{6086854A-9054-4DCF-A620-3D4FF33308A0}.AppStore|x86.ActiveCfg = Debug|Any CPU
		{6086854A-9054-4DCF-A620-3D4FF33308A0}.AppStore|x86.Build.0 = Debug|Any CPU
		{6086854A-9054-4DCF-A620-3D4FF33308A0}.AppStore|x86.Deploy.0 = Debug|Any CPU
		{6086854A-9054-4DCF-A620-3D4FF33308A0}.Debug|Any CPU.ActiveCfg = Debug|Any CPU
		{6086854A-9054-4DCF-A620-3D4FF33308A0}.Debug|Any CPU.Build.0 = Debug|Any CPU
		{6086854A-9054-4DCF-A620-3D4FF33308A0}.Debug|Any CPU.Deploy.0 = Debug|Any CPU
		{6086854A-9054-4DCF-A620-3D4FF33308A0}.Debug|ARM.ActiveCfg = Debug|Any CPU
		{6086854A-9054-4DCF-A620-3D4FF33308A0}.Debug|ARM.Build.0 = Debug|Any CPU
		{6086854A-9054-4DCF-A620-3D4FF33308A0}.Debug|ARM.Deploy.0 = Debug|Any CPU
		{6086854A-9054-4DCF-A620-3D4FF33308A0}.Debug|ARM64.ActiveCfg = Debug|Any CPU
		{6086854A-9054-4DCF-A620-3D4FF33308A0}.Debug|ARM64.Build.0 = Debug|Any CPU
		{6086854A-9054-4DCF-A620-3D4FF33308A0}.Debug|ARM64.Deploy.0 = Debug|Any CPU
		{6086854A-9054-4DCF-A620-3D4FF33308A0}.Debug|iPhone.ActiveCfg = Debug|Any CPU
		{6086854A-9054-4DCF-A620-3D4FF33308A0}.Debug|iPhone.Build.0 = Debug|Any CPU
		{6086854A-9054-4DCF-A620-3D4FF33308A0}.Debug|iPhone.Deploy.0 = Debug|Any CPU
		{6086854A-9054-4DCF-A620-3D4FF33308A0}.Debug|iPhoneSimulator.ActiveCfg = Debug|Any CPU
		{6086854A-9054-4DCF-A620-3D4FF33308A0}.Debug|iPhoneSimulator.Build.0 = Debug|Any CPU
		{6086854A-9054-4DCF-A620-3D4FF33308A0}.Debug|iPhoneSimulator.Deploy.0 = Debug|Any CPU
		{6086854A-9054-4DCF-A620-3D4FF33308A0}.Debug|x64.ActiveCfg = Debug|Any CPU
		{6086854A-9054-4DCF-A620-3D4FF33308A0}.Debug|x64.Build.0 = Debug|Any CPU
		{6086854A-9054-4DCF-A620-3D4FF33308A0}.Debug|x64.Deploy.0 = Debug|Any CPU
		{6086854A-9054-4DCF-A620-3D4FF33308A0}.Debug|x86.ActiveCfg = Debug|Any CPU
		{6086854A-9054-4DCF-A620-3D4FF33308A0}.Debug|x86.Build.0 = Debug|Any CPU
		{6086854A-9054-4DCF-A620-3D4FF33308A0}.Debug|x86.Deploy.0 = Debug|Any CPU
		{6086854A-9054-4DCF-A620-3D4FF33308A0}.Release|Any CPU.ActiveCfg = Release|Any CPU
		{6086854A-9054-4DCF-A620-3D4FF33308A0}.Release|Any CPU.Build.0 = Release|Any CPU
		{6086854A-9054-4DCF-A620-3D4FF33308A0}.Release|Any CPU.Deploy.0 = Release|Any CPU
		{6086854A-9054-4DCF-A620-3D4FF33308A0}.Release|ARM.ActiveCfg = Release|Any CPU
		{6086854A-9054-4DCF-A620-3D4FF33308A0}.Release|ARM.Build.0 = Release|Any CPU
		{6086854A-9054-4DCF-A620-3D4FF33308A0}.Release|ARM.Deploy.0 = Release|Any CPU
		{6086854A-9054-4DCF-A620-3D4FF33308A0}.Release|ARM64.ActiveCfg = Release|Any CPU
		{6086854A-9054-4DCF-A620-3D4FF33308A0}.Release|ARM64.Build.0 = Release|Any CPU
		{6086854A-9054-4DCF-A620-3D4FF33308A0}.Release|ARM64.Deploy.0 = Release|Any CPU
		{6086854A-9054-4DCF-A620-3D4FF33308A0}.Release|iPhone.ActiveCfg = Release|Any CPU
		{6086854A-9054-4DCF-A620-3D4FF33308A0}.Release|iPhone.Build.0 = Release|Any CPU
		{6086854A-9054-4DCF-A620-3D4FF33308A0}.Release|iPhone.Deploy.0 = Release|Any CPU
		{6086854A-9054-4DCF-A620-3D4FF33308A0}.Release|iPhoneSimulator.ActiveCfg = Release|Any CPU
		{6086854A-9054-4DCF-A620-3D4FF33308A0}.Release|iPhoneSimulator.Build.0 = Release|Any CPU
		{6086854A-9054-4DCF-A620-3D4FF33308A0}.Release|iPhoneSimulator.Deploy.0 = Release|Any CPU
		{6086854A-9054-4DCF-A620-3D4FF33308A0}.Release|x64.ActiveCfg = Release|Any CPU
		{6086854A-9054-4DCF-A620-3D4FF33308A0}.Release|x64.Build.0 = Release|Any CPU
		{6086854A-9054-4DCF-A620-3D4FF33308A0}.Release|x64.Deploy.0 = Release|Any CPU
		{6086854A-9054-4DCF-A620-3D4FF33308A0}.Release|x86.ActiveCfg = Release|Any CPU
		{6086854A-9054-4DCF-A620-3D4FF33308A0}.Release|x86.Build.0 = Release|Any CPU
		{6086854A-9054-4DCF-A620-3D4FF33308A0}.Release|x86.Deploy.0 = Release|Any CPU
		{A60E67CE-B536-4D08-811C-E35BD090C08C}.Ad-Hoc|Any CPU.ActiveCfg = Ad-Hoc|iPhoneSimulator
		{A60E67CE-B536-4D08-811C-E35BD090C08C}.Ad-Hoc|ARM.ActiveCfg = Ad-Hoc|iPhoneSimulator
		{A60E67CE-B536-4D08-811C-E35BD090C08C}.Ad-Hoc|ARM64.ActiveCfg = Ad-Hoc|iPhoneSimulator
		{A60E67CE-B536-4D08-811C-E35BD090C08C}.Ad-Hoc|iPhone.ActiveCfg = Ad-Hoc|iPhone
		{A60E67CE-B536-4D08-811C-E35BD090C08C}.Ad-Hoc|iPhone.Build.0 = Ad-Hoc|iPhone
		{A60E67CE-B536-4D08-811C-E35BD090C08C}.Ad-Hoc|iPhoneSimulator.ActiveCfg = Ad-Hoc|iPhoneSimulator
		{A60E67CE-B536-4D08-811C-E35BD090C08C}.Ad-Hoc|iPhoneSimulator.Build.0 = Ad-Hoc|iPhoneSimulator
		{A60E67CE-B536-4D08-811C-E35BD090C08C}.Ad-Hoc|x64.ActiveCfg = Ad-Hoc|iPhoneSimulator
		{A60E67CE-B536-4D08-811C-E35BD090C08C}.Ad-Hoc|x86.ActiveCfg = Ad-Hoc|iPhoneSimulator
		{A60E67CE-B536-4D08-811C-E35BD090C08C}.AppStore|Any CPU.ActiveCfg = AppStore|iPhoneSimulator
		{A60E67CE-B536-4D08-811C-E35BD090C08C}.AppStore|ARM.ActiveCfg = AppStore|iPhoneSimulator
		{A60E67CE-B536-4D08-811C-E35BD090C08C}.AppStore|ARM64.ActiveCfg = AppStore|iPhoneSimulator
		{A60E67CE-B536-4D08-811C-E35BD090C08C}.AppStore|iPhone.ActiveCfg = AppStore|iPhone
		{A60E67CE-B536-4D08-811C-E35BD090C08C}.AppStore|iPhone.Build.0 = AppStore|iPhone
		{A60E67CE-B536-4D08-811C-E35BD090C08C}.AppStore|iPhoneSimulator.ActiveCfg = AppStore|iPhoneSimulator
		{A60E67CE-B536-4D08-811C-E35BD090C08C}.AppStore|iPhoneSimulator.Build.0 = AppStore|iPhoneSimulator
		{A60E67CE-B536-4D08-811C-E35BD090C08C}.AppStore|x64.ActiveCfg = AppStore|iPhoneSimulator
		{A60E67CE-B536-4D08-811C-E35BD090C08C}.AppStore|x86.ActiveCfg = AppStore|iPhoneSimulator
		{A60E67CE-B536-4D08-811C-E35BD090C08C}.Debug|Any CPU.ActiveCfg = Debug|iPhoneSimulator
		{A60E67CE-B536-4D08-811C-E35BD090C08C}.Debug|ARM.ActiveCfg = Debug|iPhoneSimulator
		{A60E67CE-B536-4D08-811C-E35BD090C08C}.Debug|ARM64.ActiveCfg = Debug|iPhoneSimulator
		{A60E67CE-B536-4D08-811C-E35BD090C08C}.Debug|iPhone.ActiveCfg = Debug|iPhone
		{A60E67CE-B536-4D08-811C-E35BD090C08C}.Debug|iPhone.Build.0 = Debug|iPhone
		{A60E67CE-B536-4D08-811C-E35BD090C08C}.Debug|iPhoneSimulator.ActiveCfg = Debug|iPhoneSimulator
		{A60E67CE-B536-4D08-811C-E35BD090C08C}.Debug|iPhoneSimulator.Build.0 = Debug|iPhoneSimulator
		{A60E67CE-B536-4D08-811C-E35BD090C08C}.Debug|x64.ActiveCfg = Debug|iPhoneSimulator
		{A60E67CE-B536-4D08-811C-E35BD090C08C}.Debug|x86.ActiveCfg = Debug|iPhoneSimulator
		{A60E67CE-B536-4D08-811C-E35BD090C08C}.Release|Any CPU.ActiveCfg = Release|iPhoneSimulator
		{A60E67CE-B536-4D08-811C-E35BD090C08C}.Release|ARM.ActiveCfg = Release|iPhoneSimulator
		{A60E67CE-B536-4D08-811C-E35BD090C08C}.Release|ARM64.ActiveCfg = Release|iPhoneSimulator
		{A60E67CE-B536-4D08-811C-E35BD090C08C}.Release|iPhone.ActiveCfg = Release|iPhone
		{A60E67CE-B536-4D08-811C-E35BD090C08C}.Release|iPhone.Build.0 = Release|iPhone
		{A60E67CE-B536-4D08-811C-E35BD090C08C}.Release|iPhoneSimulator.ActiveCfg = Release|iPhoneSimulator
		{A60E67CE-B536-4D08-811C-E35BD090C08C}.Release|iPhoneSimulator.Build.0 = Release|iPhoneSimulator
		{A60E67CE-B536-4D08-811C-E35BD090C08C}.Release|x64.ActiveCfg = Release|iPhoneSimulator
		{A60E67CE-B536-4D08-811C-E35BD090C08C}.Release|x86.ActiveCfg = Release|iPhoneSimulator
		{EE8C9787-E8F3-4073-9F41-D3EEEAF13349}.Ad-Hoc|Any CPU.ActiveCfg = Debug|x86
		{EE8C9787-E8F3-4073-9F41-D3EEEAF13349}.Ad-Hoc|Any CPU.Build.0 = Debug|x86
		{EE8C9787-E8F3-4073-9F41-D3EEEAF13349}.Ad-Hoc|Any CPU.Deploy.0 = Debug|x86
		{EE8C9787-E8F3-4073-9F41-D3EEEAF13349}.Ad-Hoc|ARM.ActiveCfg = Debug|ARM
		{EE8C9787-E8F3-4073-9F41-D3EEEAF13349}.Ad-Hoc|ARM.Build.0 = Debug|ARM
		{EE8C9787-E8F3-4073-9F41-D3EEEAF13349}.Ad-Hoc|ARM.Deploy.0 = Debug|ARM
		{EE8C9787-E8F3-4073-9F41-D3EEEAF13349}.Ad-Hoc|ARM64.ActiveCfg = Debug|ARM64
		{EE8C9787-E8F3-4073-9F41-D3EEEAF13349}.Ad-Hoc|ARM64.Build.0 = Debug|ARM64
		{EE8C9787-E8F3-4073-9F41-D3EEEAF13349}.Ad-Hoc|ARM64.Deploy.0 = Debug|ARM64
		{EE8C9787-E8F3-4073-9F41-D3EEEAF13349}.Ad-Hoc|iPhone.ActiveCfg = Debug|x86
		{EE8C9787-E8F3-4073-9F41-D3EEEAF13349}.Ad-Hoc|iPhone.Build.0 = Debug|x86
		{EE8C9787-E8F3-4073-9F41-D3EEEAF13349}.Ad-Hoc|iPhone.Deploy.0 = Debug|x86
		{EE8C9787-E8F3-4073-9F41-D3EEEAF13349}.Ad-Hoc|iPhoneSimulator.ActiveCfg = Debug|x86
		{EE8C9787-E8F3-4073-9F41-D3EEEAF13349}.Ad-Hoc|iPhoneSimulator.Build.0 = Debug|x86
		{EE8C9787-E8F3-4073-9F41-D3EEEAF13349}.Ad-Hoc|iPhoneSimulator.Deploy.0 = Debug|x86
		{EE8C9787-E8F3-4073-9F41-D3EEEAF13349}.Ad-Hoc|x64.ActiveCfg = Debug|x64
		{EE8C9787-E8F3-4073-9F41-D3EEEAF13349}.Ad-Hoc|x64.Build.0 = Debug|x64
		{EE8C9787-E8F3-4073-9F41-D3EEEAF13349}.Ad-Hoc|x64.Deploy.0 = Debug|x64
		{EE8C9787-E8F3-4073-9F41-D3EEEAF13349}.Ad-Hoc|x86.ActiveCfg = Debug|x86
		{EE8C9787-E8F3-4073-9F41-D3EEEAF13349}.Ad-Hoc|x86.Build.0 = Debug|x86
		{EE8C9787-E8F3-4073-9F41-D3EEEAF13349}.Ad-Hoc|x86.Deploy.0 = Debug|x86
		{EE8C9787-E8F3-4073-9F41-D3EEEAF13349}.AppStore|Any CPU.ActiveCfg = Debug|x86
		{EE8C9787-E8F3-4073-9F41-D3EEEAF13349}.AppStore|Any CPU.Build.0 = Debug|x86
		{EE8C9787-E8F3-4073-9F41-D3EEEAF13349}.AppStore|Any CPU.Deploy.0 = Debug|x86
		{EE8C9787-E8F3-4073-9F41-D3EEEAF13349}.AppStore|ARM.ActiveCfg = Debug|ARM
		{EE8C9787-E8F3-4073-9F41-D3EEEAF13349}.AppStore|ARM.Build.0 = Debug|ARM
		{EE8C9787-E8F3-4073-9F41-D3EEEAF13349}.AppStore|ARM.Deploy.0 = Debug|ARM
		{EE8C9787-E8F3-4073-9F41-D3EEEAF13349}.AppStore|ARM64.ActiveCfg = Debug|ARM64
		{EE8C9787-E8F3-4073-9F41-D3EEEAF13349}.AppStore|ARM64.Build.0 = Debug|ARM64
		{EE8C9787-E8F3-4073-9F41-D3EEEAF13349}.AppStore|ARM64.Deploy.0 = Debug|ARM64
		{EE8C9787-E8F3-4073-9F41-D3EEEAF13349}.AppStore|iPhone.ActiveCfg = Debug|x86
		{EE8C9787-E8F3-4073-9F41-D3EEEAF13349}.AppStore|iPhone.Build.0 = Debug|x86
		{EE8C9787-E8F3-4073-9F41-D3EEEAF13349}.AppStore|iPhone.Deploy.0 = Debug|x86
		{EE8C9787-E8F3-4073-9F41-D3EEEAF13349}.AppStore|iPhoneSimulator.ActiveCfg = Debug|x86
		{EE8C9787-E8F3-4073-9F41-D3EEEAF13349}.AppStore|iPhoneSimulator.Build.0 = Debug|x86
		{EE8C9787-E8F3-4073-9F41-D3EEEAF13349}.AppStore|iPhoneSimulator.Deploy.0 = Debug|x86
		{EE8C9787-E8F3-4073-9F41-D3EEEAF13349}.AppStore|x64.ActiveCfg = Debug|x64
		{EE8C9787-E8F3-4073-9F41-D3EEEAF13349}.AppStore|x64.Build.0 = Debug|x64
		{EE8C9787-E8F3-4073-9F41-D3EEEAF13349}.AppStore|x64.Deploy.0 = Debug|x64
		{EE8C9787-E8F3-4073-9F41-D3EEEAF13349}.AppStore|x86.ActiveCfg = Debug|x86
		{EE8C9787-E8F3-4073-9F41-D3EEEAF13349}.AppStore|x86.Build.0 = Debug|x86
		{EE8C9787-E8F3-4073-9F41-D3EEEAF13349}.AppStore|x86.Deploy.0 = Debug|x86
		{EE8C9787-E8F3-4073-9F41-D3EEEAF13349}.Debug|Any CPU.ActiveCfg = Debug|x86
		{EE8C9787-E8F3-4073-9F41-D3EEEAF13349}.Debug|Any CPU.Build.0 = Debug|x86
		{EE8C9787-E8F3-4073-9F41-D3EEEAF13349}.Debug|Any CPU.Deploy.0 = Debug|x86
		{EE8C9787-E8F3-4073-9F41-D3EEEAF13349}.Debug|ARM.ActiveCfg = Debug|ARM
		{EE8C9787-E8F3-4073-9F41-D3EEEAF13349}.Debug|ARM.Build.0 = Debug|ARM
		{EE8C9787-E8F3-4073-9F41-D3EEEAF13349}.Debug|ARM.Deploy.0 = Debug|ARM
		{EE8C9787-E8F3-4073-9F41-D3EEEAF13349}.Debug|ARM64.ActiveCfg = Debug|ARM64
		{EE8C9787-E8F3-4073-9F41-D3EEEAF13349}.Debug|ARM64.Build.0 = Debug|ARM64
		{EE8C9787-E8F3-4073-9F41-D3EEEAF13349}.Debug|ARM64.Deploy.0 = Debug|ARM64
		{EE8C9787-E8F3-4073-9F41-D3EEEAF13349}.Debug|iPhone.ActiveCfg = Debug|x86
		{EE8C9787-E8F3-4073-9F41-D3EEEAF13349}.Debug|iPhoneSimulator.ActiveCfg = Debug|x86
		{EE8C9787-E8F3-4073-9F41-D3EEEAF13349}.Debug|x64.ActiveCfg = Debug|x64
		{EE8C9787-E8F3-4073-9F41-D3EEEAF13349}.Debug|x64.Build.0 = Debug|x64
		{EE8C9787-E8F3-4073-9F41-D3EEEAF13349}.Debug|x64.Deploy.0 = Debug|x64
		{EE8C9787-E8F3-4073-9F41-D3EEEAF13349}.Debug|x86.ActiveCfg = Debug|x86
		{EE8C9787-E8F3-4073-9F41-D3EEEAF13349}.Debug|x86.Build.0 = Debug|x86
		{EE8C9787-E8F3-4073-9F41-D3EEEAF13349}.Debug|x86.Deploy.0 = Debug|x86
		{EE8C9787-E8F3-4073-9F41-D3EEEAF13349}.Release|Any CPU.ActiveCfg = Release|x86
		{EE8C9787-E8F3-4073-9F41-D3EEEAF13349}.Release|ARM.ActiveCfg = Release|ARM
		{EE8C9787-E8F3-4073-9F41-D3EEEAF13349}.Release|ARM.Build.0 = Release|ARM
		{EE8C9787-E8F3-4073-9F41-D3EEEAF13349}.Release|ARM.Deploy.0 = Release|ARM
		{EE8C9787-E8F3-4073-9F41-D3EEEAF13349}.Release|ARM64.ActiveCfg = Release|ARM64
		{EE8C9787-E8F3-4073-9F41-D3EEEAF13349}.Release|ARM64.Build.0 = Release|ARM64
		{EE8C9787-E8F3-4073-9F41-D3EEEAF13349}.Release|ARM64.Deploy.0 = Release|ARM64
		{EE8C9787-E8F3-4073-9F41-D3EEEAF13349}.Release|iPhone.ActiveCfg = Release|x86
		{EE8C9787-E8F3-4073-9F41-D3EEEAF13349}.Release|iPhoneSimulator.ActiveCfg = Release|x86
		{EE8C9787-E8F3-4073-9F41-D3EEEAF13349}.Release|x64.ActiveCfg = Release|x64
		{EE8C9787-E8F3-4073-9F41-D3EEEAF13349}.Release|x64.Build.0 = Release|x64
		{EE8C9787-E8F3-4073-9F41-D3EEEAF13349}.Release|x64.Deploy.0 = Release|x64
		{EE8C9787-E8F3-4073-9F41-D3EEEAF13349}.Release|x86.ActiveCfg = Release|x86
		{EE8C9787-E8F3-4073-9F41-D3EEEAF13349}.Release|x86.Build.0 = Release|x86
		{EE8C9787-E8F3-4073-9F41-D3EEEAF13349}.Release|x86.Deploy.0 = Release|x86
		{6EE3B00D-DBCA-430B-9F0D-1A9641903FF5}.Ad-Hoc|Any CPU.ActiveCfg = Debug|Any CPU
		{6EE3B00D-DBCA-430B-9F0D-1A9641903FF5}.Ad-Hoc|Any CPU.Build.0 = Debug|Any CPU
		{6EE3B00D-DBCA-430B-9F0D-1A9641903FF5}.Ad-Hoc|ARM.ActiveCfg = Debug|Any CPU
		{6EE3B00D-DBCA-430B-9F0D-1A9641903FF5}.Ad-Hoc|ARM.Build.0 = Debug|Any CPU
		{6EE3B00D-DBCA-430B-9F0D-1A9641903FF5}.Ad-Hoc|ARM64.ActiveCfg = Debug|Any CPU
		{6EE3B00D-DBCA-430B-9F0D-1A9641903FF5}.Ad-Hoc|ARM64.Build.0 = Debug|Any CPU
		{6EE3B00D-DBCA-430B-9F0D-1A9641903FF5}.Ad-Hoc|iPhone.ActiveCfg = Debug|Any CPU
		{6EE3B00D-DBCA-430B-9F0D-1A9641903FF5}.Ad-Hoc|iPhone.Build.0 = Debug|Any CPU
		{6EE3B00D-DBCA-430B-9F0D-1A9641903FF5}.Ad-Hoc|iPhoneSimulator.ActiveCfg = Debug|Any CPU
		{6EE3B00D-DBCA-430B-9F0D-1A9641903FF5}.Ad-Hoc|iPhoneSimulator.Build.0 = Debug|Any CPU
		{6EE3B00D-DBCA-430B-9F0D-1A9641903FF5}.Ad-Hoc|x64.ActiveCfg = Debug|Any CPU
		{6EE3B00D-DBCA-430B-9F0D-1A9641903FF5}.Ad-Hoc|x64.Build.0 = Debug|Any CPU
		{6EE3B00D-DBCA-430B-9F0D-1A9641903FF5}.Ad-Hoc|x86.ActiveCfg = Debug|Any CPU
		{6EE3B00D-DBCA-430B-9F0D-1A9641903FF5}.Ad-Hoc|x86.Build.0 = Debug|Any CPU
		{6EE3B00D-DBCA-430B-9F0D-1A9641903FF5}.AppStore|Any CPU.ActiveCfg = Debug|Any CPU
		{6EE3B00D-DBCA-430B-9F0D-1A9641903FF5}.AppStore|Any CPU.Build.0 = Debug|Any CPU
		{6EE3B00D-DBCA-430B-9F0D-1A9641903FF5}.AppStore|ARM.ActiveCfg = Debug|Any CPU
		{6EE3B00D-DBCA-430B-9F0D-1A9641903FF5}.AppStore|ARM.Build.0 = Debug|Any CPU
		{6EE3B00D-DBCA-430B-9F0D-1A9641903FF5}.AppStore|ARM64.ActiveCfg = Debug|Any CPU
		{6EE3B00D-DBCA-430B-9F0D-1A9641903FF5}.AppStore|ARM64.Build.0 = Debug|Any CPU
		{6EE3B00D-DBCA-430B-9F0D-1A9641903FF5}.AppStore|iPhone.ActiveCfg = Debug|Any CPU
		{6EE3B00D-DBCA-430B-9F0D-1A9641903FF5}.AppStore|iPhone.Build.0 = Debug|Any CPU
		{6EE3B00D-DBCA-430B-9F0D-1A9641903FF5}.AppStore|iPhoneSimulator.ActiveCfg = Debug|Any CPU
		{6EE3B00D-DBCA-430B-9F0D-1A9641903FF5}.AppStore|iPhoneSimulator.Build.0 = Debug|Any CPU
		{6EE3B00D-DBCA-430B-9F0D-1A9641903FF5}.AppStore|x64.ActiveCfg = Debug|Any CPU
		{6EE3B00D-DBCA-430B-9F0D-1A9641903FF5}.AppStore|x64.Build.0 = Debug|Any CPU
		{6EE3B00D-DBCA-430B-9F0D-1A9641903FF5}.AppStore|x86.ActiveCfg = Debug|Any CPU
		{6EE3B00D-DBCA-430B-9F0D-1A9641903FF5}.AppStore|x86.Build.0 = Debug|Any CPU
		{6EE3B00D-DBCA-430B-9F0D-1A9641903FF5}.Debug|Any CPU.ActiveCfg = Debug|Any CPU
		{6EE3B00D-DBCA-430B-9F0D-1A9641903FF5}.Debug|Any CPU.Build.0 = Debug|Any CPU
		{6EE3B00D-DBCA-430B-9F0D-1A9641903FF5}.Debug|ARM.ActiveCfg = Debug|Any CPU
		{6EE3B00D-DBCA-430B-9F0D-1A9641903FF5}.Debug|ARM.Build.0 = Debug|Any CPU
		{6EE3B00D-DBCA-430B-9F0D-1A9641903FF5}.Debug|ARM64.ActiveCfg = Debug|Any CPU
		{6EE3B00D-DBCA-430B-9F0D-1A9641903FF5}.Debug|ARM64.Build.0 = Debug|Any CPU
		{6EE3B00D-DBCA-430B-9F0D-1A9641903FF5}.Debug|iPhone.ActiveCfg = Debug|Any CPU
		{6EE3B00D-DBCA-430B-9F0D-1A9641903FF5}.Debug|iPhone.Build.0 = Debug|Any CPU
		{6EE3B00D-DBCA-430B-9F0D-1A9641903FF5}.Debug|iPhoneSimulator.ActiveCfg = Debug|Any CPU
		{6EE3B00D-DBCA-430B-9F0D-1A9641903FF5}.Debug|iPhoneSimulator.Build.0 = Debug|Any CPU
		{6EE3B00D-DBCA-430B-9F0D-1A9641903FF5}.Debug|x64.ActiveCfg = Debug|Any CPU
		{6EE3B00D-DBCA-430B-9F0D-1A9641903FF5}.Debug|x64.Build.0 = Debug|Any CPU
		{6EE3B00D-DBCA-430B-9F0D-1A9641903FF5}.Debug|x86.ActiveCfg = Debug|Any CPU
		{6EE3B00D-DBCA-430B-9F0D-1A9641903FF5}.Debug|x86.Build.0 = Debug|Any CPU
		{6EE3B00D-DBCA-430B-9F0D-1A9641903FF5}.Release|Any CPU.ActiveCfg = Release|Any CPU
		{6EE3B00D-DBCA-430B-9F0D-1A9641903FF5}.Release|Any CPU.Build.0 = Release|Any CPU
		{6EE3B00D-DBCA-430B-9F0D-1A9641903FF5}.Release|ARM.ActiveCfg = Release|Any CPU
		{6EE3B00D-DBCA-430B-9F0D-1A9641903FF5}.Release|ARM.Build.0 = Release|Any CPU
		{6EE3B00D-DBCA-430B-9F0D-1A9641903FF5}.Release|ARM64.ActiveCfg = Release|Any CPU
		{6EE3B00D-DBCA-430B-9F0D-1A9641903FF5}.Release|ARM64.Build.0 = Release|Any CPU
		{6EE3B00D-DBCA-430B-9F0D-1A9641903FF5}.Release|iPhone.ActiveCfg = Release|Any CPU
		{6EE3B00D-DBCA-430B-9F0D-1A9641903FF5}.Release|iPhone.Build.0 = Release|Any CPU
		{6EE3B00D-DBCA-430B-9F0D-1A9641903FF5}.Release|iPhoneSimulator.ActiveCfg = Release|Any CPU
		{6EE3B00D-DBCA-430B-9F0D-1A9641903FF5}.Release|iPhoneSimulator.Build.0 = Release|Any CPU
		{6EE3B00D-DBCA-430B-9F0D-1A9641903FF5}.Release|x64.ActiveCfg = Release|Any CPU
		{6EE3B00D-DBCA-430B-9F0D-1A9641903FF5}.Release|x64.Build.0 = Release|Any CPU
		{6EE3B00D-DBCA-430B-9F0D-1A9641903FF5}.Release|x86.ActiveCfg = Release|Any CPU
		{6EE3B00D-DBCA-430B-9F0D-1A9641903FF5}.Release|x86.Build.0 = Release|Any CPU
		{0FC7585F-4023-47C2-9886-3BD2CEBADC3B}.Ad-Hoc|Any CPU.ActiveCfg = Debug|iPhoneSimulator
		{0FC7585F-4023-47C2-9886-3BD2CEBADC3B}.Ad-Hoc|Any CPU.Build.0 = Debug|iPhoneSimulator
		{0FC7585F-4023-47C2-9886-3BD2CEBADC3B}.Ad-Hoc|ARM.ActiveCfg = Debug|iPhoneSimulator
		{0FC7585F-4023-47C2-9886-3BD2CEBADC3B}.Ad-Hoc|ARM.Build.0 = Debug|iPhoneSimulator
		{0FC7585F-4023-47C2-9886-3BD2CEBADC3B}.Ad-Hoc|ARM64.ActiveCfg = Debug|iPhoneSimulator
		{0FC7585F-4023-47C2-9886-3BD2CEBADC3B}.Ad-Hoc|ARM64.Build.0 = Debug|iPhoneSimulator
		{0FC7585F-4023-47C2-9886-3BD2CEBADC3B}.Ad-Hoc|iPhone.ActiveCfg = Debug|iPhoneSimulator
		{0FC7585F-4023-47C2-9886-3BD2CEBADC3B}.Ad-Hoc|iPhone.Build.0 = Debug|iPhoneSimulator
		{0FC7585F-4023-47C2-9886-3BD2CEBADC3B}.Ad-Hoc|iPhoneSimulator.ActiveCfg = Debug|iPhoneSimulator
		{0FC7585F-4023-47C2-9886-3BD2CEBADC3B}.Ad-Hoc|iPhoneSimulator.Build.0 = Debug|iPhoneSimulator
		{0FC7585F-4023-47C2-9886-3BD2CEBADC3B}.Ad-Hoc|x64.ActiveCfg = Debug|iPhoneSimulator
		{0FC7585F-4023-47C2-9886-3BD2CEBADC3B}.Ad-Hoc|x64.Build.0 = Debug|iPhoneSimulator
		{0FC7585F-4023-47C2-9886-3BD2CEBADC3B}.Ad-Hoc|x86.ActiveCfg = Debug|iPhoneSimulator
		{0FC7585F-4023-47C2-9886-3BD2CEBADC3B}.Ad-Hoc|x86.Build.0 = Debug|iPhoneSimulator
		{0FC7585F-4023-47C2-9886-3BD2CEBADC3B}.AppStore|Any CPU.ActiveCfg = Debug|iPhoneSimulator
		{0FC7585F-4023-47C2-9886-3BD2CEBADC3B}.AppStore|Any CPU.Build.0 = Debug|iPhoneSimulator
		{0FC7585F-4023-47C2-9886-3BD2CEBADC3B}.AppStore|ARM.ActiveCfg = Debug|iPhoneSimulator
		{0FC7585F-4023-47C2-9886-3BD2CEBADC3B}.AppStore|ARM.Build.0 = Debug|iPhoneSimulator
		{0FC7585F-4023-47C2-9886-3BD2CEBADC3B}.AppStore|ARM64.ActiveCfg = Debug|iPhoneSimulator
		{0FC7585F-4023-47C2-9886-3BD2CEBADC3B}.AppStore|ARM64.Build.0 = Debug|iPhoneSimulator
		{0FC7585F-4023-47C2-9886-3BD2CEBADC3B}.AppStore|iPhone.ActiveCfg = Debug|iPhoneSimulator
		{0FC7585F-4023-47C2-9886-3BD2CEBADC3B}.AppStore|iPhone.Build.0 = Debug|iPhoneSimulator
		{0FC7585F-4023-47C2-9886-3BD2CEBADC3B}.AppStore|iPhoneSimulator.ActiveCfg = Debug|iPhoneSimulator
		{0FC7585F-4023-47C2-9886-3BD2CEBADC3B}.AppStore|iPhoneSimulator.Build.0 = Debug|iPhoneSimulator
		{0FC7585F-4023-47C2-9886-3BD2CEBADC3B}.AppStore|x64.ActiveCfg = Debug|iPhoneSimulator
		{0FC7585F-4023-47C2-9886-3BD2CEBADC3B}.AppStore|x64.Build.0 = Debug|iPhoneSimulator
		{0FC7585F-4023-47C2-9886-3BD2CEBADC3B}.AppStore|x86.ActiveCfg = Debug|iPhoneSimulator
		{0FC7585F-4023-47C2-9886-3BD2CEBADC3B}.AppStore|x86.Build.0 = Debug|iPhoneSimulator
		{0FC7585F-4023-47C2-9886-3BD2CEBADC3B}.Debug|Any CPU.ActiveCfg = Debug|iPhoneSimulator
		{0FC7585F-4023-47C2-9886-3BD2CEBADC3B}.Debug|ARM.ActiveCfg = Debug|iPhoneSimulator
		{0FC7585F-4023-47C2-9886-3BD2CEBADC3B}.Debug|ARM64.ActiveCfg = Debug|iPhoneSimulator
		{0FC7585F-4023-47C2-9886-3BD2CEBADC3B}.Debug|iPhone.ActiveCfg = Debug|iPhoneSimulator
		{0FC7585F-4023-47C2-9886-3BD2CEBADC3B}.Debug|iPhoneSimulator.ActiveCfg = Debug|iPhoneSimulator
		{0FC7585F-4023-47C2-9886-3BD2CEBADC3B}.Debug|iPhoneSimulator.Build.0 = Debug|iPhoneSimulator
		{0FC7585F-4023-47C2-9886-3BD2CEBADC3B}.Debug|x64.ActiveCfg = Debug|iPhoneSimulator
		{0FC7585F-4023-47C2-9886-3BD2CEBADC3B}.Debug|x86.ActiveCfg = Debug|iPhoneSimulator
		{0FC7585F-4023-47C2-9886-3BD2CEBADC3B}.Release|Any CPU.ActiveCfg = Release|iPhoneSimulator
		{0FC7585F-4023-47C2-9886-3BD2CEBADC3B}.Release|ARM.ActiveCfg = Release|iPhoneSimulator
		{0FC7585F-4023-47C2-9886-3BD2CEBADC3B}.Release|ARM64.ActiveCfg = Release|iPhoneSimulator
		{0FC7585F-4023-47C2-9886-3BD2CEBADC3B}.Release|iPhone.ActiveCfg = Release|iPhoneSimulator
		{0FC7585F-4023-47C2-9886-3BD2CEBADC3B}.Release|iPhoneSimulator.ActiveCfg = Release|iPhoneSimulator
		{0FC7585F-4023-47C2-9886-3BD2CEBADC3B}.Release|iPhoneSimulator.Build.0 = Release|iPhoneSimulator
		{0FC7585F-4023-47C2-9886-3BD2CEBADC3B}.Release|x64.ActiveCfg = Release|iPhoneSimulator
		{0FC7585F-4023-47C2-9886-3BD2CEBADC3B}.Release|x86.ActiveCfg = Release|iPhoneSimulator
		{D17681F0-FC21-4C05-904E-CF6706C4A6B5}.Ad-Hoc|Any CPU.ActiveCfg = Debug|Any CPU
		{D17681F0-FC21-4C05-904E-CF6706C4A6B5}.Ad-Hoc|Any CPU.Build.0 = Debug|Any CPU
		{D17681F0-FC21-4C05-904E-CF6706C4A6B5}.Ad-Hoc|ARM.ActiveCfg = Debug|Any CPU
		{D17681F0-FC21-4C05-904E-CF6706C4A6B5}.Ad-Hoc|ARM.Build.0 = Debug|Any CPU
		{D17681F0-FC21-4C05-904E-CF6706C4A6B5}.Ad-Hoc|ARM64.ActiveCfg = Debug|Any CPU
		{D17681F0-FC21-4C05-904E-CF6706C4A6B5}.Ad-Hoc|ARM64.Build.0 = Debug|Any CPU
		{D17681F0-FC21-4C05-904E-CF6706C4A6B5}.Ad-Hoc|iPhone.ActiveCfg = Debug|Any CPU
		{D17681F0-FC21-4C05-904E-CF6706C4A6B5}.Ad-Hoc|iPhone.Build.0 = Debug|Any CPU
		{D17681F0-FC21-4C05-904E-CF6706C4A6B5}.Ad-Hoc|iPhoneSimulator.ActiveCfg = Debug|Any CPU
		{D17681F0-FC21-4C05-904E-CF6706C4A6B5}.Ad-Hoc|iPhoneSimulator.Build.0 = Debug|Any CPU
		{D17681F0-FC21-4C05-904E-CF6706C4A6B5}.Ad-Hoc|x64.ActiveCfg = Debug|Any CPU
		{D17681F0-FC21-4C05-904E-CF6706C4A6B5}.Ad-Hoc|x64.Build.0 = Debug|Any CPU
		{D17681F0-FC21-4C05-904E-CF6706C4A6B5}.Ad-Hoc|x86.ActiveCfg = Debug|Any CPU
		{D17681F0-FC21-4C05-904E-CF6706C4A6B5}.Ad-Hoc|x86.Build.0 = Debug|Any CPU
		{D17681F0-FC21-4C05-904E-CF6706C4A6B5}.AppStore|Any CPU.ActiveCfg = Debug|Any CPU
		{D17681F0-FC21-4C05-904E-CF6706C4A6B5}.AppStore|Any CPU.Build.0 = Debug|Any CPU
		{D17681F0-FC21-4C05-904E-CF6706C4A6B5}.AppStore|ARM.ActiveCfg = Debug|Any CPU
		{D17681F0-FC21-4C05-904E-CF6706C4A6B5}.AppStore|ARM.Build.0 = Debug|Any CPU
		{D17681F0-FC21-4C05-904E-CF6706C4A6B5}.AppStore|ARM64.ActiveCfg = Debug|Any CPU
		{D17681F0-FC21-4C05-904E-CF6706C4A6B5}.AppStore|ARM64.Build.0 = Debug|Any CPU
		{D17681F0-FC21-4C05-904E-CF6706C4A6B5}.AppStore|iPhone.ActiveCfg = Debug|Any CPU
		{D17681F0-FC21-4C05-904E-CF6706C4A6B5}.AppStore|iPhone.Build.0 = Debug|Any CPU
		{D17681F0-FC21-4C05-904E-CF6706C4A6B5}.AppStore|iPhoneSimulator.ActiveCfg = Debug|Any CPU
		{D17681F0-FC21-4C05-904E-CF6706C4A6B5}.AppStore|iPhoneSimulator.Build.0 = Debug|Any CPU
		{D17681F0-FC21-4C05-904E-CF6706C4A6B5}.AppStore|x64.ActiveCfg = Debug|Any CPU
		{D17681F0-FC21-4C05-904E-CF6706C4A6B5}.AppStore|x64.Build.0 = Debug|Any CPU
		{D17681F0-FC21-4C05-904E-CF6706C4A6B5}.AppStore|x86.ActiveCfg = Debug|Any CPU
		{D17681F0-FC21-4C05-904E-CF6706C4A6B5}.AppStore|x86.Build.0 = Debug|Any CPU
		{D17681F0-FC21-4C05-904E-CF6706C4A6B5}.Debug|Any CPU.ActiveCfg = Debug|Any CPU
		{D17681F0-FC21-4C05-904E-CF6706C4A6B5}.Debug|Any CPU.Build.0 = Debug|Any CPU
		{D17681F0-FC21-4C05-904E-CF6706C4A6B5}.Debug|ARM.ActiveCfg = Debug|Any CPU
		{D17681F0-FC21-4C05-904E-CF6706C4A6B5}.Debug|ARM.Build.0 = Debug|Any CPU
		{D17681F0-FC21-4C05-904E-CF6706C4A6B5}.Debug|ARM64.ActiveCfg = Debug|Any CPU
		{D17681F0-FC21-4C05-904E-CF6706C4A6B5}.Debug|ARM64.Build.0 = Debug|Any CPU
		{D17681F0-FC21-4C05-904E-CF6706C4A6B5}.Debug|iPhone.ActiveCfg = Debug|Any CPU
		{D17681F0-FC21-4C05-904E-CF6706C4A6B5}.Debug|iPhone.Build.0 = Debug|Any CPU
		{D17681F0-FC21-4C05-904E-CF6706C4A6B5}.Debug|iPhoneSimulator.ActiveCfg = Debug|Any CPU
		{D17681F0-FC21-4C05-904E-CF6706C4A6B5}.Debug|iPhoneSimulator.Build.0 = Debug|Any CPU
		{D17681F0-FC21-4C05-904E-CF6706C4A6B5}.Debug|x64.ActiveCfg = Debug|Any CPU
		{D17681F0-FC21-4C05-904E-CF6706C4A6B5}.Debug|x64.Build.0 = Debug|Any CPU
		{D17681F0-FC21-4C05-904E-CF6706C4A6B5}.Debug|x86.ActiveCfg = Debug|Any CPU
		{D17681F0-FC21-4C05-904E-CF6706C4A6B5}.Debug|x86.Build.0 = Debug|Any CPU
		{D17681F0-FC21-4C05-904E-CF6706C4A6B5}.Release|Any CPU.ActiveCfg = Release|Any CPU
		{D17681F0-FC21-4C05-904E-CF6706C4A6B5}.Release|Any CPU.Build.0 = Release|Any CPU
		{D17681F0-FC21-4C05-904E-CF6706C4A6B5}.Release|ARM.ActiveCfg = Release|Any CPU
		{D17681F0-FC21-4C05-904E-CF6706C4A6B5}.Release|ARM.Build.0 = Release|Any CPU
		{D17681F0-FC21-4C05-904E-CF6706C4A6B5}.Release|ARM64.ActiveCfg = Release|Any CPU
		{D17681F0-FC21-4C05-904E-CF6706C4A6B5}.Release|ARM64.Build.0 = Release|Any CPU
		{D17681F0-FC21-4C05-904E-CF6706C4A6B5}.Release|iPhone.ActiveCfg = Release|Any CPU
		{D17681F0-FC21-4C05-904E-CF6706C4A6B5}.Release|iPhone.Build.0 = Release|Any CPU
		{D17681F0-FC21-4C05-904E-CF6706C4A6B5}.Release|iPhoneSimulator.ActiveCfg = Release|Any CPU
		{D17681F0-FC21-4C05-904E-CF6706C4A6B5}.Release|iPhoneSimulator.Build.0 = Release|Any CPU
		{D17681F0-FC21-4C05-904E-CF6706C4A6B5}.Release|x64.ActiveCfg = Release|Any CPU
		{D17681F0-FC21-4C05-904E-CF6706C4A6B5}.Release|x64.Build.0 = Release|Any CPU
		{D17681F0-FC21-4C05-904E-CF6706C4A6B5}.Release|x86.ActiveCfg = Release|Any CPU
		{D17681F0-FC21-4C05-904E-CF6706C4A6B5}.Release|x86.Build.0 = Release|Any CPU
		{5B134286-C64F-4208-8AD9-38106850315A}.Ad-Hoc|Any CPU.ActiveCfg = Debug|Any CPU
		{5B134286-C64F-4208-8AD9-38106850315A}.Ad-Hoc|Any CPU.Build.0 = Debug|Any CPU
		{5B134286-C64F-4208-8AD9-38106850315A}.Ad-Hoc|ARM.ActiveCfg = Debug|Any CPU
		{5B134286-C64F-4208-8AD9-38106850315A}.Ad-Hoc|ARM.Build.0 = Debug|Any CPU
		{5B134286-C64F-4208-8AD9-38106850315A}.Ad-Hoc|ARM64.ActiveCfg = Debug|Any CPU
		{5B134286-C64F-4208-8AD9-38106850315A}.Ad-Hoc|ARM64.Build.0 = Debug|Any CPU
		{5B134286-C64F-4208-8AD9-38106850315A}.Ad-Hoc|iPhone.ActiveCfg = Debug|Any CPU
		{5B134286-C64F-4208-8AD9-38106850315A}.Ad-Hoc|iPhone.Build.0 = Debug|Any CPU
		{5B134286-C64F-4208-8AD9-38106850315A}.Ad-Hoc|iPhoneSimulator.ActiveCfg = Debug|Any CPU
		{5B134286-C64F-4208-8AD9-38106850315A}.Ad-Hoc|iPhoneSimulator.Build.0 = Debug|Any CPU
		{5B134286-C64F-4208-8AD9-38106850315A}.Ad-Hoc|x64.ActiveCfg = Debug|Any CPU
		{5B134286-C64F-4208-8AD9-38106850315A}.Ad-Hoc|x64.Build.0 = Debug|Any CPU
		{5B134286-C64F-4208-8AD9-38106850315A}.Ad-Hoc|x86.ActiveCfg = Debug|Any CPU
		{5B134286-C64F-4208-8AD9-38106850315A}.Ad-Hoc|x86.Build.0 = Debug|Any CPU
		{5B134286-C64F-4208-8AD9-38106850315A}.AppStore|Any CPU.ActiveCfg = Debug|Any CPU
		{5B134286-C64F-4208-8AD9-38106850315A}.AppStore|Any CPU.Build.0 = Debug|Any CPU
		{5B134286-C64F-4208-8AD9-38106850315A}.AppStore|ARM.ActiveCfg = Debug|Any CPU
		{5B134286-C64F-4208-8AD9-38106850315A}.AppStore|ARM.Build.0 = Debug|Any CPU
		{5B134286-C64F-4208-8AD9-38106850315A}.AppStore|ARM64.ActiveCfg = Debug|Any CPU
		{5B134286-C64F-4208-8AD9-38106850315A}.AppStore|ARM64.Build.0 = Debug|Any CPU
		{5B134286-C64F-4208-8AD9-38106850315A}.AppStore|iPhone.ActiveCfg = Debug|Any CPU
		{5B134286-C64F-4208-8AD9-38106850315A}.AppStore|iPhone.Build.0 = Debug|Any CPU
		{5B134286-C64F-4208-8AD9-38106850315A}.AppStore|iPhoneSimulator.ActiveCfg = Debug|Any CPU
		{5B134286-C64F-4208-8AD9-38106850315A}.AppStore|iPhoneSimulator.Build.0 = Debug|Any CPU
		{5B134286-C64F-4208-8AD9-38106850315A}.AppStore|x64.ActiveCfg = Debug|Any CPU
		{5B134286-C64F-4208-8AD9-38106850315A}.AppStore|x64.Build.0 = Debug|Any CPU
		{5B134286-C64F-4208-8AD9-38106850315A}.AppStore|x86.ActiveCfg = Debug|Any CPU
		{5B134286-C64F-4208-8AD9-38106850315A}.AppStore|x86.Build.0 = Debug|Any CPU
		{5B134286-C64F-4208-8AD9-38106850315A}.Debug|Any CPU.ActiveCfg = Debug|Any CPU
		{5B134286-C64F-4208-8AD9-38106850315A}.Debug|Any CPU.Build.0 = Debug|Any CPU
		{5B134286-C64F-4208-8AD9-38106850315A}.Debug|ARM.ActiveCfg = Debug|Any CPU
		{5B134286-C64F-4208-8AD9-38106850315A}.Debug|ARM.Build.0 = Debug|Any CPU
		{5B134286-C64F-4208-8AD9-38106850315A}.Debug|ARM64.ActiveCfg = Debug|Any CPU
		{5B134286-C64F-4208-8AD9-38106850315A}.Debug|ARM64.Build.0 = Debug|Any CPU
		{5B134286-C64F-4208-8AD9-38106850315A}.Debug|iPhone.ActiveCfg = Debug|Any CPU
		{5B134286-C64F-4208-8AD9-38106850315A}.Debug|iPhone.Build.0 = Debug|Any CPU
		{5B134286-C64F-4208-8AD9-38106850315A}.Debug|iPhoneSimulator.ActiveCfg = Debug|Any CPU
		{5B134286-C64F-4208-8AD9-38106850315A}.Debug|iPhoneSimulator.Build.0 = Debug|Any CPU
		{5B134286-C64F-4208-8AD9-38106850315A}.Debug|x64.ActiveCfg = Debug|Any CPU
		{5B134286-C64F-4208-8AD9-38106850315A}.Debug|x64.Build.0 = Debug|Any CPU
		{5B134286-C64F-4208-8AD9-38106850315A}.Debug|x86.ActiveCfg = Debug|Any CPU
		{5B134286-C64F-4208-8AD9-38106850315A}.Debug|x86.Build.0 = Debug|Any CPU
		{5B134286-C64F-4208-8AD9-38106850315A}.Release|Any CPU.ActiveCfg = Release|Any CPU
		{5B134286-C64F-4208-8AD9-38106850315A}.Release|Any CPU.Build.0 = Release|Any CPU
		{5B134286-C64F-4208-8AD9-38106850315A}.Release|ARM.ActiveCfg = Release|Any CPU
		{5B134286-C64F-4208-8AD9-38106850315A}.Release|ARM.Build.0 = Release|Any CPU
		{5B134286-C64F-4208-8AD9-38106850315A}.Release|ARM64.ActiveCfg = Release|Any CPU
		{5B134286-C64F-4208-8AD9-38106850315A}.Release|ARM64.Build.0 = Release|Any CPU
		{5B134286-C64F-4208-8AD9-38106850315A}.Release|iPhone.ActiveCfg = Release|Any CPU
		{5B134286-C64F-4208-8AD9-38106850315A}.Release|iPhone.Build.0 = Release|Any CPU
		{5B134286-C64F-4208-8AD9-38106850315A}.Release|iPhoneSimulator.ActiveCfg = Release|Any CPU
		{5B134286-C64F-4208-8AD9-38106850315A}.Release|iPhoneSimulator.Build.0 = Release|Any CPU
		{5B134286-C64F-4208-8AD9-38106850315A}.Release|x64.ActiveCfg = Release|Any CPU
		{5B134286-C64F-4208-8AD9-38106850315A}.Release|x64.Build.0 = Release|Any CPU
		{5B134286-C64F-4208-8AD9-38106850315A}.Release|x86.ActiveCfg = Release|Any CPU
		{5B134286-C64F-4208-8AD9-38106850315A}.Release|x86.Build.0 = Release|Any CPU
		{C435348B-80BA-4DBC-A2AE-A5640B6EA49D}.Ad-Hoc|Any CPU.ActiveCfg = Debug|Any CPU
		{C435348B-80BA-4DBC-A2AE-A5640B6EA49D}.Ad-Hoc|Any CPU.Build.0 = Debug|Any CPU
		{C435348B-80BA-4DBC-A2AE-A5640B6EA49D}.Ad-Hoc|ARM.ActiveCfg = Debug|Any CPU
		{C435348B-80BA-4DBC-A2AE-A5640B6EA49D}.Ad-Hoc|ARM.Build.0 = Debug|Any CPU
		{C435348B-80BA-4DBC-A2AE-A5640B6EA49D}.Ad-Hoc|ARM64.ActiveCfg = Debug|Any CPU
		{C435348B-80BA-4DBC-A2AE-A5640B6EA49D}.Ad-Hoc|ARM64.Build.0 = Debug|Any CPU
		{C435348B-80BA-4DBC-A2AE-A5640B6EA49D}.Ad-Hoc|iPhone.ActiveCfg = Debug|Any CPU
		{C435348B-80BA-4DBC-A2AE-A5640B6EA49D}.Ad-Hoc|iPhone.Build.0 = Debug|Any CPU
		{C435348B-80BA-4DBC-A2AE-A5640B6EA49D}.Ad-Hoc|iPhoneSimulator.ActiveCfg = Debug|Any CPU
		{C435348B-80BA-4DBC-A2AE-A5640B6EA49D}.Ad-Hoc|iPhoneSimulator.Build.0 = Debug|Any CPU
		{C435348B-80BA-4DBC-A2AE-A5640B6EA49D}.Ad-Hoc|x64.ActiveCfg = Debug|Any CPU
		{C435348B-80BA-4DBC-A2AE-A5640B6EA49D}.Ad-Hoc|x64.Build.0 = Debug|Any CPU
		{C435348B-80BA-4DBC-A2AE-A5640B6EA49D}.Ad-Hoc|x86.ActiveCfg = Debug|Any CPU
		{C435348B-80BA-4DBC-A2AE-A5640B6EA49D}.Ad-Hoc|x86.Build.0 = Debug|Any CPU
		{C435348B-80BA-4DBC-A2AE-A5640B6EA49D}.AppStore|Any CPU.ActiveCfg = Debug|Any CPU
		{C435348B-80BA-4DBC-A2AE-A5640B6EA49D}.AppStore|Any CPU.Build.0 = Debug|Any CPU
		{C435348B-80BA-4DBC-A2AE-A5640B6EA49D}.AppStore|ARM.ActiveCfg = Debug|Any CPU
		{C435348B-80BA-4DBC-A2AE-A5640B6EA49D}.AppStore|ARM.Build.0 = Debug|Any CPU
		{C435348B-80BA-4DBC-A2AE-A5640B6EA49D}.AppStore|ARM64.ActiveCfg = Debug|Any CPU
		{C435348B-80BA-4DBC-A2AE-A5640B6EA49D}.AppStore|ARM64.Build.0 = Debug|Any CPU
		{C435348B-80BA-4DBC-A2AE-A5640B6EA49D}.AppStore|iPhone.ActiveCfg = Debug|Any CPU
		{C435348B-80BA-4DBC-A2AE-A5640B6EA49D}.AppStore|iPhone.Build.0 = Debug|Any CPU
		{C435348B-80BA-4DBC-A2AE-A5640B6EA49D}.AppStore|iPhoneSimulator.ActiveCfg = Debug|Any CPU
		{C435348B-80BA-4DBC-A2AE-A5640B6EA49D}.AppStore|iPhoneSimulator.Build.0 = Debug|Any CPU
		{C435348B-80BA-4DBC-A2AE-A5640B6EA49D}.AppStore|x64.ActiveCfg = Debug|Any CPU
		{C435348B-80BA-4DBC-A2AE-A5640B6EA49D}.AppStore|x64.Build.0 = Debug|Any CPU
		{C435348B-80BA-4DBC-A2AE-A5640B6EA49D}.AppStore|x86.ActiveCfg = Debug|Any CPU
		{C435348B-80BA-4DBC-A2AE-A5640B6EA49D}.AppStore|x86.Build.0 = Debug|Any CPU
		{C435348B-80BA-4DBC-A2AE-A5640B6EA49D}.Debug|Any CPU.ActiveCfg = Debug|Any CPU
		{C435348B-80BA-4DBC-A2AE-A5640B6EA49D}.Debug|Any CPU.Build.0 = Debug|Any CPU
		{C435348B-80BA-4DBC-A2AE-A5640B6EA49D}.Debug|ARM.ActiveCfg = Debug|Any CPU
		{C435348B-80BA-4DBC-A2AE-A5640B6EA49D}.Debug|ARM.Build.0 = Debug|Any CPU
		{C435348B-80BA-4DBC-A2AE-A5640B6EA49D}.Debug|ARM64.ActiveCfg = Debug|Any CPU
		{C435348B-80BA-4DBC-A2AE-A5640B6EA49D}.Debug|ARM64.Build.0 = Debug|Any CPU
		{C435348B-80BA-4DBC-A2AE-A5640B6EA49D}.Debug|iPhone.ActiveCfg = Debug|Any CPU
		{C435348B-80BA-4DBC-A2AE-A5640B6EA49D}.Debug|iPhone.Build.0 = Debug|Any CPU
		{C435348B-80BA-4DBC-A2AE-A5640B6EA49D}.Debug|iPhoneSimulator.ActiveCfg = Debug|Any CPU
		{C435348B-80BA-4DBC-A2AE-A5640B6EA49D}.Debug|iPhoneSimulator.Build.0 = Debug|Any CPU
		{C435348B-80BA-4DBC-A2AE-A5640B6EA49D}.Debug|x64.ActiveCfg = Debug|Any CPU
		{C435348B-80BA-4DBC-A2AE-A5640B6EA49D}.Debug|x64.Build.0 = Debug|Any CPU
		{C435348B-80BA-4DBC-A2AE-A5640B6EA49D}.Debug|x86.ActiveCfg = Debug|Any CPU
		{C435348B-80BA-4DBC-A2AE-A5640B6EA49D}.Debug|x86.Build.0 = Debug|Any CPU
		{C435348B-80BA-4DBC-A2AE-A5640B6EA49D}.Release|Any CPU.ActiveCfg = Release|Any CPU
		{C435348B-80BA-4DBC-A2AE-A5640B6EA49D}.Release|Any CPU.Build.0 = Release|Any CPU
		{C435348B-80BA-4DBC-A2AE-A5640B6EA49D}.Release|ARM.ActiveCfg = Release|Any CPU
		{C435348B-80BA-4DBC-A2AE-A5640B6EA49D}.Release|ARM.Build.0 = Release|Any CPU
		{C435348B-80BA-4DBC-A2AE-A5640B6EA49D}.Release|ARM64.ActiveCfg = Release|Any CPU
		{C435348B-80BA-4DBC-A2AE-A5640B6EA49D}.Release|ARM64.Build.0 = Release|Any CPU
		{C435348B-80BA-4DBC-A2AE-A5640B6EA49D}.Release|iPhone.ActiveCfg = Release|Any CPU
		{C435348B-80BA-4DBC-A2AE-A5640B6EA49D}.Release|iPhone.Build.0 = Release|Any CPU
		{C435348B-80BA-4DBC-A2AE-A5640B6EA49D}.Release|iPhoneSimulator.ActiveCfg = Release|Any CPU
		{C435348B-80BA-4DBC-A2AE-A5640B6EA49D}.Release|iPhoneSimulator.Build.0 = Release|Any CPU
		{C435348B-80BA-4DBC-A2AE-A5640B6EA49D}.Release|x64.ActiveCfg = Release|Any CPU
		{C435348B-80BA-4DBC-A2AE-A5640B6EA49D}.Release|x64.Build.0 = Release|Any CPU
		{C435348B-80BA-4DBC-A2AE-A5640B6EA49D}.Release|x86.ActiveCfg = Release|Any CPU
		{C435348B-80BA-4DBC-A2AE-A5640B6EA49D}.Release|x86.Build.0 = Release|Any CPU
		{4DE8F94B-684B-48C3-B5BB-6584675EA3DF}.Ad-Hoc|Any CPU.ActiveCfg = Debug|Any CPU
		{4DE8F94B-684B-48C3-B5BB-6584675EA3DF}.Ad-Hoc|Any CPU.Build.0 = Debug|Any CPU
		{4DE8F94B-684B-48C3-B5BB-6584675EA3DF}.Ad-Hoc|ARM.ActiveCfg = Debug|Any CPU
		{4DE8F94B-684B-48C3-B5BB-6584675EA3DF}.Ad-Hoc|ARM.Build.0 = Debug|Any CPU
		{4DE8F94B-684B-48C3-B5BB-6584675EA3DF}.Ad-Hoc|ARM64.ActiveCfg = Debug|Any CPU
		{4DE8F94B-684B-48C3-B5BB-6584675EA3DF}.Ad-Hoc|ARM64.Build.0 = Debug|Any CPU
		{4DE8F94B-684B-48C3-B5BB-6584675EA3DF}.Ad-Hoc|iPhone.ActiveCfg = Debug|Any CPU
		{4DE8F94B-684B-48C3-B5BB-6584675EA3DF}.Ad-Hoc|iPhone.Build.0 = Debug|Any CPU
		{4DE8F94B-684B-48C3-B5BB-6584675EA3DF}.Ad-Hoc|iPhoneSimulator.ActiveCfg = Debug|Any CPU
		{4DE8F94B-684B-48C3-B5BB-6584675EA3DF}.Ad-Hoc|iPhoneSimulator.Build.0 = Debug|Any CPU
		{4DE8F94B-684B-48C3-B5BB-6584675EA3DF}.Ad-Hoc|x64.ActiveCfg = Debug|Any CPU
		{4DE8F94B-684B-48C3-B5BB-6584675EA3DF}.Ad-Hoc|x64.Build.0 = Debug|Any CPU
		{4DE8F94B-684B-48C3-B5BB-6584675EA3DF}.Ad-Hoc|x86.ActiveCfg = Debug|Any CPU
		{4DE8F94B-684B-48C3-B5BB-6584675EA3DF}.Ad-Hoc|x86.Build.0 = Debug|Any CPU
		{4DE8F94B-684B-48C3-B5BB-6584675EA3DF}.AppStore|Any CPU.ActiveCfg = Debug|Any CPU
		{4DE8F94B-684B-48C3-B5BB-6584675EA3DF}.AppStore|Any CPU.Build.0 = Debug|Any CPU
		{4DE8F94B-684B-48C3-B5BB-6584675EA3DF}.AppStore|ARM.ActiveCfg = Debug|Any CPU
		{4DE8F94B-684B-48C3-B5BB-6584675EA3DF}.AppStore|ARM.Build.0 = Debug|Any CPU
		{4DE8F94B-684B-48C3-B5BB-6584675EA3DF}.AppStore|ARM64.ActiveCfg = Debug|Any CPU
		{4DE8F94B-684B-48C3-B5BB-6584675EA3DF}.AppStore|ARM64.Build.0 = Debug|Any CPU
		{4DE8F94B-684B-48C3-B5BB-6584675EA3DF}.AppStore|iPhone.ActiveCfg = Debug|Any CPU
		{4DE8F94B-684B-48C3-B5BB-6584675EA3DF}.AppStore|iPhone.Build.0 = Debug|Any CPU
		{4DE8F94B-684B-48C3-B5BB-6584675EA3DF}.AppStore|iPhoneSimulator.ActiveCfg = Debug|Any CPU
		{4DE8F94B-684B-48C3-B5BB-6584675EA3DF}.AppStore|iPhoneSimulator.Build.0 = Debug|Any CPU
		{4DE8F94B-684B-48C3-B5BB-6584675EA3DF}.AppStore|x64.ActiveCfg = Debug|Any CPU
		{4DE8F94B-684B-48C3-B5BB-6584675EA3DF}.AppStore|x64.Build.0 = Debug|Any CPU
		{4DE8F94B-684B-48C3-B5BB-6584675EA3DF}.AppStore|x86.ActiveCfg = Debug|Any CPU
		{4DE8F94B-684B-48C3-B5BB-6584675EA3DF}.AppStore|x86.Build.0 = Debug|Any CPU
		{4DE8F94B-684B-48C3-B5BB-6584675EA3DF}.Debug|Any CPU.ActiveCfg = Debug|Any CPU
		{4DE8F94B-684B-48C3-B5BB-6584675EA3DF}.Debug|Any CPU.Build.0 = Debug|Any CPU
		{4DE8F94B-684B-48C3-B5BB-6584675EA3DF}.Debug|ARM.ActiveCfg = Debug|Any CPU
		{4DE8F94B-684B-48C3-B5BB-6584675EA3DF}.Debug|ARM.Build.0 = Debug|Any CPU
		{4DE8F94B-684B-48C3-B5BB-6584675EA3DF}.Debug|ARM64.ActiveCfg = Debug|Any CPU
		{4DE8F94B-684B-48C3-B5BB-6584675EA3DF}.Debug|ARM64.Build.0 = Debug|Any CPU
		{4DE8F94B-684B-48C3-B5BB-6584675EA3DF}.Debug|iPhone.ActiveCfg = Debug|Any CPU
		{4DE8F94B-684B-48C3-B5BB-6584675EA3DF}.Debug|iPhone.Build.0 = Debug|Any CPU
		{4DE8F94B-684B-48C3-B5BB-6584675EA3DF}.Debug|iPhoneSimulator.ActiveCfg = Debug|Any CPU
		{4DE8F94B-684B-48C3-B5BB-6584675EA3DF}.Debug|iPhoneSimulator.Build.0 = Debug|Any CPU
		{4DE8F94B-684B-48C3-B5BB-6584675EA3DF}.Debug|x64.ActiveCfg = Debug|Any CPU
		{4DE8F94B-684B-48C3-B5BB-6584675EA3DF}.Debug|x64.Build.0 = Debug|Any CPU
		{4DE8F94B-684B-48C3-B5BB-6584675EA3DF}.Debug|x86.ActiveCfg = Debug|Any CPU
		{4DE8F94B-684B-48C3-B5BB-6584675EA3DF}.Debug|x86.Build.0 = Debug|Any CPU
		{4DE8F94B-684B-48C3-B5BB-6584675EA3DF}.Release|Any CPU.ActiveCfg = Release|Any CPU
		{4DE8F94B-684B-48C3-B5BB-6584675EA3DF}.Release|Any CPU.Build.0 = Release|Any CPU
		{4DE8F94B-684B-48C3-B5BB-6584675EA3DF}.Release|ARM.ActiveCfg = Release|Any CPU
		{4DE8F94B-684B-48C3-B5BB-6584675EA3DF}.Release|ARM.Build.0 = Release|Any CPU
		{4DE8F94B-684B-48C3-B5BB-6584675EA3DF}.Release|ARM64.ActiveCfg = Release|Any CPU
		{4DE8F94B-684B-48C3-B5BB-6584675EA3DF}.Release|ARM64.Build.0 = Release|Any CPU
		{4DE8F94B-684B-48C3-B5BB-6584675EA3DF}.Release|iPhone.ActiveCfg = Release|Any CPU
		{4DE8F94B-684B-48C3-B5BB-6584675EA3DF}.Release|iPhone.Build.0 = Release|Any CPU
		{4DE8F94B-684B-48C3-B5BB-6584675EA3DF}.Release|iPhoneSimulator.ActiveCfg = Release|Any CPU
		{4DE8F94B-684B-48C3-B5BB-6584675EA3DF}.Release|iPhoneSimulator.Build.0 = Release|Any CPU
		{4DE8F94B-684B-48C3-B5BB-6584675EA3DF}.Release|x64.ActiveCfg = Release|Any CPU
		{4DE8F94B-684B-48C3-B5BB-6584675EA3DF}.Release|x64.Build.0 = Release|Any CPU
		{4DE8F94B-684B-48C3-B5BB-6584675EA3DF}.Release|x86.ActiveCfg = Release|Any CPU
		{4DE8F94B-684B-48C3-B5BB-6584675EA3DF}.Release|x86.Build.0 = Release|Any CPU
		{F10C65D1-A5C8-42E3-BE95-17C8FEA06719}.Ad-Hoc|Any CPU.ActiveCfg = Debug|Any CPU
		{F10C65D1-A5C8-42E3-BE95-17C8FEA06719}.Ad-Hoc|Any CPU.Build.0 = Debug|Any CPU
		{F10C65D1-A5C8-42E3-BE95-17C8FEA06719}.Ad-Hoc|ARM.ActiveCfg = Debug|Any CPU
		{F10C65D1-A5C8-42E3-BE95-17C8FEA06719}.Ad-Hoc|ARM.Build.0 = Debug|Any CPU
		{F10C65D1-A5C8-42E3-BE95-17C8FEA06719}.Ad-Hoc|ARM64.ActiveCfg = Debug|Any CPU
		{F10C65D1-A5C8-42E3-BE95-17C8FEA06719}.Ad-Hoc|ARM64.Build.0 = Debug|Any CPU
		{F10C65D1-A5C8-42E3-BE95-17C8FEA06719}.Ad-Hoc|iPhone.ActiveCfg = Debug|Any CPU
		{F10C65D1-A5C8-42E3-BE95-17C8FEA06719}.Ad-Hoc|iPhone.Build.0 = Debug|Any CPU
		{F10C65D1-A5C8-42E3-BE95-17C8FEA06719}.Ad-Hoc|iPhoneSimulator.ActiveCfg = Debug|Any CPU
		{F10C65D1-A5C8-42E3-BE95-17C8FEA06719}.Ad-Hoc|iPhoneSimulator.Build.0 = Debug|Any CPU
		{F10C65D1-A5C8-42E3-BE95-17C8FEA06719}.Ad-Hoc|x64.ActiveCfg = Debug|Any CPU
		{F10C65D1-A5C8-42E3-BE95-17C8FEA06719}.Ad-Hoc|x64.Build.0 = Debug|Any CPU
		{F10C65D1-A5C8-42E3-BE95-17C8FEA06719}.Ad-Hoc|x86.ActiveCfg = Debug|Any CPU
		{F10C65D1-A5C8-42E3-BE95-17C8FEA06719}.Ad-Hoc|x86.Build.0 = Debug|Any CPU
		{F10C65D1-A5C8-42E3-BE95-17C8FEA06719}.AppStore|Any CPU.ActiveCfg = Debug|Any CPU
		{F10C65D1-A5C8-42E3-BE95-17C8FEA06719}.AppStore|Any CPU.Build.0 = Debug|Any CPU
		{F10C65D1-A5C8-42E3-BE95-17C8FEA06719}.AppStore|ARM.ActiveCfg = Debug|Any CPU
		{F10C65D1-A5C8-42E3-BE95-17C8FEA06719}.AppStore|ARM.Build.0 = Debug|Any CPU
		{F10C65D1-A5C8-42E3-BE95-17C8FEA06719}.AppStore|ARM64.ActiveCfg = Debug|Any CPU
		{F10C65D1-A5C8-42E3-BE95-17C8FEA06719}.AppStore|ARM64.Build.0 = Debug|Any CPU
		{F10C65D1-A5C8-42E3-BE95-17C8FEA06719}.AppStore|iPhone.ActiveCfg = Debug|Any CPU
		{F10C65D1-A5C8-42E3-BE95-17C8FEA06719}.AppStore|iPhone.Build.0 = Debug|Any CPU
		{F10C65D1-A5C8-42E3-BE95-17C8FEA06719}.AppStore|iPhoneSimulator.ActiveCfg = Debug|Any CPU
		{F10C65D1-A5C8-42E3-BE95-17C8FEA06719}.AppStore|iPhoneSimulator.Build.0 = Debug|Any CPU
		{F10C65D1-A5C8-42E3-BE95-17C8FEA06719}.AppStore|x64.ActiveCfg = Debug|Any CPU
		{F10C65D1-A5C8-42E3-BE95-17C8FEA06719}.AppStore|x64.Build.0 = Debug|Any CPU
		{F10C65D1-A5C8-42E3-BE95-17C8FEA06719}.AppStore|x86.ActiveCfg = Debug|Any CPU
		{F10C65D1-A5C8-42E3-BE95-17C8FEA06719}.AppStore|x86.Build.0 = Debug|Any CPU
		{F10C65D1-A5C8-42E3-BE95-17C8FEA06719}.Debug|Any CPU.ActiveCfg = Debug|Any CPU
		{F10C65D1-A5C8-42E3-BE95-17C8FEA06719}.Debug|Any CPU.Build.0 = Debug|Any CPU
		{F10C65D1-A5C8-42E3-BE95-17C8FEA06719}.Debug|ARM.ActiveCfg = Debug|Any CPU
		{F10C65D1-A5C8-42E3-BE95-17C8FEA06719}.Debug|ARM.Build.0 = Debug|Any CPU
		{F10C65D1-A5C8-42E3-BE95-17C8FEA06719}.Debug|ARM64.ActiveCfg = Debug|Any CPU
		{F10C65D1-A5C8-42E3-BE95-17C8FEA06719}.Debug|ARM64.Build.0 = Debug|Any CPU
		{F10C65D1-A5C8-42E3-BE95-17C8FEA06719}.Debug|iPhone.ActiveCfg = Debug|Any CPU
		{F10C65D1-A5C8-42E3-BE95-17C8FEA06719}.Debug|iPhone.Build.0 = Debug|Any CPU
		{F10C65D1-A5C8-42E3-BE95-17C8FEA06719}.Debug|iPhoneSimulator.ActiveCfg = Debug|Any CPU
		{F10C65D1-A5C8-42E3-BE95-17C8FEA06719}.Debug|iPhoneSimulator.Build.0 = Debug|Any CPU
		{F10C65D1-A5C8-42E3-BE95-17C8FEA06719}.Debug|x64.ActiveCfg = Debug|Any CPU
		{F10C65D1-A5C8-42E3-BE95-17C8FEA06719}.Debug|x64.Build.0 = Debug|Any CPU
		{F10C65D1-A5C8-42E3-BE95-17C8FEA06719}.Debug|x86.ActiveCfg = Debug|Any CPU
		{F10C65D1-A5C8-42E3-BE95-17C8FEA06719}.Debug|x86.Build.0 = Debug|Any CPU
		{F10C65D1-A5C8-42E3-BE95-17C8FEA06719}.Release|Any CPU.ActiveCfg = Release|Any CPU
		{F10C65D1-A5C8-42E3-BE95-17C8FEA06719}.Release|Any CPU.Build.0 = Release|Any CPU
		{F10C65D1-A5C8-42E3-BE95-17C8FEA06719}.Release|ARM.ActiveCfg = Release|Any CPU
		{F10C65D1-A5C8-42E3-BE95-17C8FEA06719}.Release|ARM.Build.0 = Release|Any CPU
		{F10C65D1-A5C8-42E3-BE95-17C8FEA06719}.Release|ARM64.ActiveCfg = Release|Any CPU
		{F10C65D1-A5C8-42E3-BE95-17C8FEA06719}.Release|ARM64.Build.0 = Release|Any CPU
		{F10C65D1-A5C8-42E3-BE95-17C8FEA06719}.Release|iPhone.ActiveCfg = Release|Any CPU
		{F10C65D1-A5C8-42E3-BE95-17C8FEA06719}.Release|iPhone.Build.0 = Release|Any CPU
		{F10C65D1-A5C8-42E3-BE95-17C8FEA06719}.Release|iPhoneSimulator.ActiveCfg = Release|Any CPU
		{F10C65D1-A5C8-42E3-BE95-17C8FEA06719}.Release|iPhoneSimulator.Build.0 = Release|Any CPU
		{F10C65D1-A5C8-42E3-BE95-17C8FEA06719}.Release|x64.ActiveCfg = Release|Any CPU
		{F10C65D1-A5C8-42E3-BE95-17C8FEA06719}.Release|x64.Build.0 = Release|Any CPU
		{F10C65D1-A5C8-42E3-BE95-17C8FEA06719}.Release|x86.ActiveCfg = Release|Any CPU
		{F10C65D1-A5C8-42E3-BE95-17C8FEA06719}.Release|x86.Build.0 = Release|Any CPU
	EndGlobalSection
	GlobalSection(SolutionProperties) = preSolution
		HideSolutionNode = FALSE
	EndGlobalSection
	GlobalSection(NestedProjects) = preSolution
		{6086854A-9054-4DCF-A620-3D4FF33308A0} = {99B1A0D8-6C3F-41A8-99D8-455667F7CB5F}
		{A60E67CE-B536-4D08-811C-E35BD090C08C} = {99B1A0D8-6C3F-41A8-99D8-455667F7CB5F}
		{EE8C9787-E8F3-4073-9F41-D3EEEAF13349} = {99B1A0D8-6C3F-41A8-99D8-455667F7CB5F}
		{6EE3B00D-DBCA-430B-9F0D-1A9641903FF5} = {99B1A0D8-6C3F-41A8-99D8-455667F7CB5F}
		{0FC7585F-4023-47C2-9886-3BD2CEBADC3B} = {99B1A0D8-6C3F-41A8-99D8-455667F7CB5F}
		{D17681F0-FC21-4C05-904E-CF6706C4A6B5} = {99B1A0D8-6C3F-41A8-99D8-455667F7CB5F}
		{5B134286-C64F-4208-8AD9-38106850315A} = {99B1A0D8-6C3F-41A8-99D8-455667F7CB5F}
		{C435348B-80BA-4DBC-A2AE-A5640B6EA49D} = {99B1A0D8-6C3F-41A8-99D8-455667F7CB5F}
		{4DE8F94B-684B-48C3-B5BB-6584675EA3DF} = {99B1A0D8-6C3F-41A8-99D8-455667F7CB5F}
	EndGlobalSection
	GlobalSection(ExtensibilityGlobals) = postSolution
		SolutionGuid = {67D97AA2-DBB7-4281-B354-B292A5F41F0F}
	EndGlobalSection
EndGlobal
